// !$*UTF8*$!
{
	archiveVersion = 1;
	classes = {
	};
	objectVersion = 50;
	objects = {

/* Begin PBXBuildFile section */
		DBD4DB2A22486D1700655200 /* AppDelegate.swift in Sources */ = {isa = PBXBuildFile; fileRef = DBD4DB2922486D1700655200 /* AppDelegate.swift */; };
		DBD4DB2C22486D1700655200 /* ViewController.swift in Sources */ = {isa = PBXBuildFile; fileRef = DBD4DB2B22486D1700655200 /* ViewController.swift */; };
		DBD4DB2F22486D1700655200 /* Main.storyboard in Resources */ = {isa = PBXBuildFile; fileRef = DBD4DB2D22486D1700655200 /* Main.storyboard */; };
		DBD4DB3122486D1900655200 /* Assets.xcassets in Resources */ = {isa = PBXBuildFile; fileRef = DBD4DB3022486D1900655200 /* Assets.xcassets */; };
		DBD4DB3422486D1900655200 /* LaunchScreen.storyboard in Resources */ = {isa = PBXBuildFile; fileRef = DBD4DB3222486D1900655200 /* LaunchScreen.storyboard */; };
		DBD4DB3E2248B55800655200 /* Location.swift in Sources */ = {isa = PBXBuildFile; fileRef = DBD4DB3D2248B55800655200 /* Location.swift */; };
		DBD4DB402248BAB100655200 /* ResponseModels.swift in Sources */ = {isa = PBXBuildFile; fileRef = DBD4DB3F2248BAB100655200 /* ResponseModels.swift */; };
		DBD4DB422248BB5F00655200 /* GoogleClient.swift in Sources */ = {isa = PBXBuildFile; fileRef = DBD4DB412248BB5F00655200 /* GoogleClient.swift */; };
		DD5AB3320753142AAC1B1173 /* Pods_googlemap.framework in Frameworks */ = {isa = PBXBuildFile; fileRef = AE9ED533263C8FB51721EB52 /* Pods_googlemap.framework */; };
/* End PBXBuildFile section */

/* Begin PBXFileReference section */
		44ED33FC63DD754760061599 /* Pods-googlemap.debug.xcconfig */ = {isa = PBXFileReference; includeInIndex = 1; lastKnownFileType = text.xcconfig; name = "Pods-googlemap.debug.xcconfig"; path = "Pods/Target Support Files/Pods-googlemap/Pods-googlemap.debug.xcconfig"; sourceTree = "<group>"; };
		5879CEC0579D836BD250F2A1 /* Pods-googlemap.release.xcconfig */ = {isa = PBXFileReference; includeInIndex = 1; lastKnownFileType = text.xcconfig; name = "Pods-googlemap.release.xcconfig"; path = "Pods/Target Support Files/Pods-googlemap/Pods-googlemap.release.xcconfig"; sourceTree = "<group>"; };
		AE9ED533263C8FB51721EB52 /* Pods_googlemap.framework */ = {isa = PBXFileReference; explicitFileType = wrapper.framework; includeInIndex = 0; path = Pods_googlemap.framework; sourceTree = BUILT_PRODUCTS_DIR; };
		DBD4DB2622486D1700655200 /* googlemap.app */ = {isa = PBXFileReference; explicitFileType = wrapper.application; includeInIndex = 0; path = googlemap.app; sourceTree = BUILT_PRODUCTS_DIR; };
		DBD4DB2922486D1700655200 /* AppDelegate.swift */ = {isa = PBXFileReference; lastKnownFileType = sourcecode.swift; path = AppDelegate.swift; sourceTree = "<group>"; };
		DBD4DB2B22486D1700655200 /* ViewController.swift */ = {isa = PBXFileReference; lastKnownFileType = sourcecode.swift; path = ViewController.swift; sourceTree = "<group>"; };
		DBD4DB2E22486D1700655200 /* Base */ = {isa = PBXFileReference; lastKnownFileType = file.storyboard; name = Base; path = Base.lproj/Main.storyboard; sourceTree = "<group>"; };
		DBD4DB3022486D1900655200 /* Assets.xcassets */ = {isa = PBXFileReference; lastKnownFileType = folder.assetcatalog; path = Assets.xcassets; sourceTree = "<group>"; };
		DBD4DB3322486D1900655200 /* Base */ = {isa = PBXFileReference; lastKnownFileType = file.storyboard; name = Base; path = Base.lproj/LaunchScreen.storyboard; sourceTree = "<group>"; };
		DBD4DB3522486D1900655200 /* Info.plist */ = {isa = PBXFileReference; lastKnownFileType = text.plist.xml; path = Info.plist; sourceTree = "<group>"; };
		DBD4DB3D2248B55800655200 /* Location.swift */ = {isa = PBXFileReference; lastKnownFileType = sourcecode.swift; path = Location.swift; sourceTree = "<group>"; };
		DBD4DB3F2248BAB100655200 /* ResponseModels.swift */ = {isa = PBXFileReference; lastKnownFileType = sourcecode.swift; path = ResponseModels.swift; sourceTree = "<group>"; };
		DBD4DB412248BB5F00655200 /* GoogleClient.swift */ = {isa = PBXFileReference; lastKnownFileType = sourcecode.swift; path = GoogleClient.swift; sourceTree = "<group>"; };
/* End PBXFileReference section */

/* Begin PBXFrameworksBuildPhase section */
		DBD4DB2322486D1700655200 /* Frameworks */ = {
			isa = PBXFrameworksBuildPhase;
			buildActionMask = 2147483647;
			files = (
				DD5AB3320753142AAC1B1173 /* Pods_googlemap.framework in Frameworks */,
			);
			runOnlyForDeploymentPostprocessing = 0;
		};
/* End PBXFrameworksBuildPhase section */

/* Begin PBXGroup section */
		681B7C7AFD6DE0BB4B6984F1 /* Frameworks */ = {
			isa = PBXGroup;
			children = (
				AE9ED533263C8FB51721EB52 /* Pods_googlemap.framework */,
			);
			name = Frameworks;
			sourceTree = "<group>";
		};
		A2D8396BD618F9178EF61EB3 /* Pods */ = {
			isa = PBXGroup;
			children = (
				44ED33FC63DD754760061599 /* Pods-googlemap.debug.xcconfig */,
				5879CEC0579D836BD250F2A1 /* Pods-googlemap.release.xcconfig */,
			);
			name = Pods;
			sourceTree = "<group>";
		};
		DBD4DB1D22486D1700655200 = {
			isa = PBXGroup;
			children = (
				DBD4DB2822486D1700655200 /* googlemap */,
				DBD4DB2722486D1700655200 /* Products */,
				A2D8396BD618F9178EF61EB3 /* Pods */,
				681B7C7AFD6DE0BB4B6984F1 /* Frameworks */,
			);
			sourceTree = "<group>";
		};
		DBD4DB2722486D1700655200 /* Products */ = {
			isa = PBXGroup;
			children = (
				DBD4DB2622486D1700655200 /* googlemap.app */,
			);
			name = Products;
			sourceTree = "<group>";
		};
		DBD4DB2822486D1700655200 /* googlemap */ = {
			isa = PBXGroup;
			children = (
				DBD4DB2922486D1700655200 /* AppDelegate.swift */,
				DBD4DB2B22486D1700655200 /* ViewController.swift */,
				DBD4DB2D22486D1700655200 /* Main.storyboard */,
				DBD4DB3022486D1900655200 /* Assets.xcassets */,
				DBD4DB3222486D1900655200 /* LaunchScreen.storyboard */,
				DBD4DB3522486D1900655200 /* Info.plist */,
				DBD4DB3D2248B55800655200 /* Location.swift */,
				DBD4DB3F2248BAB100655200 /* ResponseModels.swift */,
				DBD4DB412248BB5F00655200 /* GoogleClient.swift */,
			);
			path = googlemap;
			sourceTree = "<group>";
		};
/* End PBXGroup section */

/* Begin PBXNativeTarget section */
		DBD4DB2522486D1700655200 /* googlemap */ = {
			isa = PBXNativeTarget;
			buildConfigurationList = DBD4DB3822486D1900655200 /* Build configuration list for PBXNativeTarget "googlemap" */;
			buildPhases = (
				2C7C9387CADB68871747ABA2 /* [CP] Check Pods Manifest.lock */,
				DBD4DB2222486D1700655200 /* Sources */,
				DBD4DB2322486D1700655200 /* Frameworks */,
				DBD4DB2422486D1700655200 /* Resources */,
				D8AA60563055FC2764158A22 /* [CP] Embed Pods Frameworks */,
			);
			buildRules = (
			);
			dependencies = (
			);
			name = googlemap;
			productName = googlemap;
			productReference = DBD4DB2622486D1700655200 /* googlemap.app */;
			productType = "com.apple.product-type.application";
		};
/* End PBXNativeTarget section */

/* Begin PBXProject section */
		DBD4DB1E22486D1700655200 /* Project object */ = {
			isa = PBXProject;
			attributes = {
				LastSwiftUpdateCheck = 0940;
				LastUpgradeCheck = 0940;
				ORGANIZATIONNAME = "NGUYEN CHI THANH";
				TargetAttributes = {
					DBD4DB2522486D1700655200 = {
						CreatedOnToolsVersion = 9.4.1;
					};
				};
			};
			buildConfigurationList = DBD4DB2122486D1700655200 /* Build configuration list for PBXProject "googlemap" */;
			compatibilityVersion = "Xcode 9.3";
			developmentRegion = en;
			hasScannedForEncodings = 0;
			knownRegions = (
				en,
				Base,
			);
			mainGroup = DBD4DB1D22486D1700655200;
			productRefGroup = DBD4DB2722486D1700655200 /* Products */;
			projectDirPath = "";
			projectRoot = "";
			targets = (
				DBD4DB2522486D1700655200 /* googlemap */,
			);
		};
/* End PBXProject section */

/* Begin PBXResourcesBuildPhase section */
		DBD4DB2422486D1700655200 /* Resources */ = {
			isa = PBXResourcesBuildPhase;
			buildActionMask = 2147483647;
			files = (
				DBD4DB3422486D1900655200 /* LaunchScreen.storyboard in Resources */,
				DBD4DB3122486D1900655200 /* Assets.xcassets in Resources */,
				DBD4DB2F22486D1700655200 /* Main.storyboard in Resources */,
			);
			runOnlyForDeploymentPostprocessing = 0;
		};
/* End PBXResourcesBuildPhase section */

/* Begin PBXShellScriptBuildPhase section */
		2C7C9387CADB68871747ABA2 /* [CP] Check Pods Manifest.lock */ = {
			isa = PBXShellScriptBuildPhase;
			buildActionMask = 2147483647;
			files = (
			);
			inputPaths = (
				"${PODS_PODFILE_DIR_PATH}/Podfile.lock",
				"${PODS_ROOT}/Manifest.lock",
			);
			name = "[CP] Check Pods Manifest.lock";
			outputPaths = (
				"$(DERIVED_FILE_DIR)/Pods-googlemap-checkManifestLockResult.txt",
			);
			runOnlyForDeploymentPostprocessing = 0;
			shellPath = /bin/sh;
			shellScript = "diff \"${PODS_PODFILE_DIR_PATH}/Podfile.lock\" \"${PODS_ROOT}/Manifest.lock\" > /dev/null\nif [ $? != 0 ] ; then\n    # print error to STDERR\n    echo \"error: The sandbox is not in sync with the Podfile.lock. Run 'pod install' or update your CocoaPods installation.\" >&2\n    exit 1\nfi\n# This output is used by Xcode 'outputs' to avoid re-running this script phase.\necho \"SUCCESS\" > \"${SCRIPT_OUTPUT_FILE_0}\"\n";
			showEnvVarsInLog = 0;
		};
		D8AA60563055FC2764158A22 /* [CP] Embed Pods Frameworks */ = {
			isa = PBXShellScriptBuildPhase;
			buildActionMask = 2147483647;
			files = (
			);
			inputPaths = (
				"${SRCROOT}/Pods/Target Support Files/Pods-googlemap/Pods-googlemap-frameworks.sh",
				"${BUILT_PRODUCTS_DIR}/Alamofire/Alamofire.framework",
			);
			name = "[CP] Embed Pods Frameworks";
			outputPaths = (
				"${TARGET_BUILD_DIR}/${FRAMEWORKS_FOLDER_PATH}/Alamofire.framework",
			);
			runOnlyForDeploymentPostprocessing = 0;
			shellPath = /bin/sh;
			shellScript = "\"${SRCROOT}/Pods/Target Support Files/Pods-googlemap/Pods-googlemap-frameworks.sh\"\n";
			showEnvVarsInLog = 0;
		};
/* End PBXShellScriptBuildPhase section */

/* Begin PBXSourcesBuildPhase section */
		DBD4DB2222486D1700655200 /* Sources */ = {
			isa = PBXSourcesBuildPhase;
			buildActionMask = 2147483647;
			files = (
				DBD4DB2C22486D1700655200 /* ViewController.swift in Sources */,
				DBD4DB3E2248B55800655200 /* Location.swift in Sources */,
				DBD4DB402248BAB100655200 /* ResponseModels.swift in Sources */,
				DBD4DB422248BB5F00655200 /* GoogleClient.swift in Sources */,
				DBD4DB2A22486D1700655200 /* AppDelegate.swift in Sources */,
			);
			runOnlyForDeploymentPostprocessing = 0;
		};
/* End PBXSourcesBuildPhase section */

/* Begin PBXVariantGroup section */
		DBD4DB2D22486D1700655200 /* Main.storyboard */ = {
			isa = PBXVariantGroup;
			children = (
				DBD4DB2E22486D1700655200 /* Base */,
			);
			name = Main.storyboard;
			sourceTree = "<group>";
		};
		DBD4DB3222486D1900655200 /* LaunchScreen.storyboard */ = {
			isa = PBXVariantGroup;
			children = (
				DBD4DB3322486D1900655200 /* Base */,
			);
			name = LaunchScreen.storyboard;
			sourceTree = "<group>";
		};
/* End PBXVariantGroup section */

/* Begin XCBuildConfiguration section */
		DBD4DB3622486D1900655200 /* Debug */ = {
			isa = XCBuildConfiguration;
			buildSettings = {
				ALWAYS_SEARCH_USER_PATHS = NO;
				CLANG_ANALYZER_NONNULL = YES;
				CLANG_ANALYZER_NUMBER_OBJECT_CONVERSION = YES_AGGRESSIVE;
				CLANG_CXX_LANGUAGE_STANDARD = "gnu++14";
				CLANG_CXX_LIBRARY = "libc++";
				CLANG_ENABLE_MODULES = YES;
				CLANG_ENABLE_OBJC_ARC = YES;
				CLANG_ENABLE_OBJC_WEAK = YES;
				CLANG_WARN_BLOCK_CAPTURE_AUTORELEASING = YES;
				CLANG_WARN_BOOL_CONVERSION = YES;
				CLANG_WARN_COMMA = YES;
				CLANG_WARN_CONSTANT_CONVERSION = YES;
				CLANG_WARN_DEPRECATED_OBJC_IMPLEMENTATIONS = YES;
				CLANG_WARN_DIRECT_OBJC_ISA_USAGE = YES_ERROR;
				CLANG_WARN_DOCUMENTATION_COMMENTS = YES;
				CLANG_WARN_EMPTY_BODY = YES;
				CLANG_WARN_ENUM_CONVERSION = YES;
				CLANG_WARN_INFINITE_RECURSION = YES;
				CLANG_WARN_INT_CONVERSION = YES;
				CLANG_WARN_NON_LITERAL_NULL_CONVERSION = YES;
				CLANG_WARN_OBJC_IMPLICIT_RETAIN_SELF = YES;
				CLANG_WARN_OBJC_LITERAL_CONVERSION = YES;
				CLANG_WARN_OBJC_ROOT_CLASS = YES_ERROR;
				CLANG_WARN_RANGE_LOOP_ANALYSIS = YES;
				CLANG_WARN_STRICT_PROTOTYPES = YES;
				CLANG_WARN_SUSPICIOUS_MOVE = YES;
				CLANG_WARN_UNGUARDED_AVAILABILITY = YES_AGGRESSIVE;
				CLANG_WARN_UNREACHABLE_CODE = YES;
				CLANG_WARN__DUPLICATE_METHOD_MATCH = YES;
				CODE_SIGN_IDENTITY = "iPhone Developer";
				COPY_PHASE_STRIP = NO;
				DEBUG_INFORMATION_FORMAT = dwarf;
				ENABLE_STRICT_OBJC_MSGSEND = YES;
				ENABLE_TESTABILITY = YES;
				GCC_C_LANGUAGE_STANDARD = gnu11;
				GCC_DYNAMIC_NO_PIC = NO;
				GCC_NO_COMMON_BLOCKS = YES;
				GCC_OPTIMIZATION_LEVEL = 0;
				GCC_PREPROCESSOR_DEFINITIONS = (
					"DEBUG=1",
					"$(inherited)",
				);
				GCC_WARN_64_TO_32_BIT_CONVERSION = YES;
				GCC_WARN_ABOUT_RETURN_TYPE = YES_ERROR;
				GCC_WARN_UNDECLARED_SELECTOR = YES;
				GCC_WARN_UNINITIALIZED_AUTOS = YES_AGGRESSIVE;
				GCC_WARN_UNUSED_FUNCTION = YES;
				GCC_WARN_UNUSED_VARIABLE = YES;
				IPHONEOS_DEPLOYMENT_TARGET = 11.4;
				MTL_ENABLE_DEBUG_INFO = YES;
				ONLY_ACTIVE_ARCH = YES;
				SDKROOT = iphoneos;
				SWIFT_ACTIVE_COMPILATION_CONDITIONS = DEBUG;
				SWIFT_OPTIMIZATION_LEVEL = "-Onone";
			};
			name = Debug;
		};
		DBD4DB3722486D1900655200 /* Release */ = {
			isa = XCBuildConfiguration;
			buildSettings = {
				ALWAYS_SEARCH_USER_PATHS = NO;
				CLANG_ANALYZER_NONNULL = YES;
				CLANG_ANALYZER_NUMBER_OBJECT_CONVERSION = YES_AGGRESSIVE;
				CLANG_CXX_LANGUAGE_STANDARD = "gnu++14";
				CLANG_CXX_LIBRARY = "libc++";
				CLANG_ENABLE_MODULES = YES;
				CLANG_ENABLE_OBJC_ARC = YES;
				CLANG_ENABLE_OBJC_WEAK = YES;
				CLANG_WARN_BLOCK_CAPTURE_AUTORELEASING = YES;
				CLANG_WARN_BOOL_CONVERSION = YES;
				CLANG_WARN_COMMA = YES;
				CLANG_WARN_CONSTANT_CONVERSION = YES;
				CLANG_WARN_DEPRECATED_OBJC_IMPLEMENTATIONS = YES;
				CLANG_WARN_DIRECT_OBJC_ISA_USAGE = YES_ERROR;
				CLANG_WARN_DOCUMENTATION_COMMENTS = YES;
				CLANG_WARN_EMPTY_BODY = YES;
				CLANG_WARN_ENUM_CONVERSION = YES;
				CLANG_WARN_INFINITE_RECURSION = YES;
				CLANG_WARN_INT_CONVERSION = YES;
				CLANG_WARN_NON_LITERAL_NULL_CONVERSION = YES;
				CLANG_WARN_OBJC_IMPLICIT_RETAIN_SELF = YES;
				CLANG_WARN_OBJC_LITERAL_CONVERSION = YES;
				CLANG_WARN_OBJC_ROOT_CLASS = YES_ERROR;
				CLANG_WARN_RANGE_LOOP_ANALYSIS = YES;
				CLANG_WARN_STRICT_PROTOTYPES = YES;
				CLANG_WARN_SUSPICIOUS_MOVE = YES;
				CLANG_WARN_UNGUARDED_AVAILABILITY = YES_AGGRESSIVE;
				CLANG_WARN_UNREACHABLE_CODE = YES;
				CLANG_WARN__DUPLICATE_METHOD_MATCH = YES;
				CODE_SIGN_IDENTITY = "iPhone Developer";
				COPY_PHASE_STRIP = NO;
				DEBUG_INFORMATION_FORMAT = "dwarf-with-dsym";
				ENABLE_NS_ASSERTIONS = NO;
				ENABLE_STRICT_OBJC_MSGSEND = YES;
				GCC_C_LANGUAGE_STANDARD = gnu11;
				GCC_NO_COMMON_BLOCKS = YES;
				GCC_WARN_64_TO_32_BIT_CONVERSION = YES;
				GCC_WARN_ABOUT_RETURN_TYPE = YES_ERROR;
				GCC_WARN_UNDECLARED_SELECTOR = YES;
				GCC_WARN_UNINITIALIZED_AUTOS = YES_AGGRESSIVE;
				GCC_WARN_UNUSED_FUNCTION = YES;
				GCC_WARN_UNUSED_VARIABLE = YES;
				IPHONEOS_DEPLOYMENT_TARGET = 11.4;
				MTL_ENABLE_DEBUG_INFO = NO;
				SDKROOT = iphoneos;
				SWIFT_COMPILATION_MODE = wholemodule;
				SWIFT_OPTIMIZATION_LEVEL = "-O";
				VALIDATE_PRODUCT = YES;
			};
			name = Release;
		};
		DBD4DB3922486D1900655200 /* Debug */ = {
			isa = XCBuildConfiguration;
			baseConfigurationReference = 44ED33FC63DD754760061599 /* Pods-googlemap.debug.xcconfig */;
			buildSettings = {
				ASSETCATALOG_COMPILER_APPICON_NAME = AppIcon;
				CODE_SIGN_STYLE = Automatic;
				INFOPLIST_FILE = googlemap/Info.plist;
				LD_RUNPATH_SEARCH_PATHS = (
					"$(inherited)",
					"@executable_path/Frameworks",
				);
				PRODUCT_BUNDLE_IDENTIFIER = googlemap.googlemap;
				PRODUCT_NAME = "$(TARGET_NAME)";
				SWIFT_VERSION = 4.0;
				TARGETED_DEVICE_FAMILY = "1,2";
			};
			name = Debug;
		};
		DBD4DB3A22486D1900655200 /* Release */ = {
			isa = XCBuildConfiguration;
			baseConfigurationReference = 5879CEC0579D836BD250F2A1 /* Pods-googlemap.release.xcconfig */;
			buildSettings = {
				ASSETCATALOG_COMPILER_APPICON_NAME = AppIcon;
				CODE_SIGN_STYLE = Automatic;
				INFOPLIST_FILE = googlemap/Info.plist;
				LD_RUNPATH_SEARCH_PATHS = (
					"$(inherited)",
					"@executable_path/Frameworks",
				);
				PRODUCT_BUNDLE_IDENTIFIER = googlemap.googlemap;
				PRODUCT_NAME = "$(TARGET_NAME)";
				SWIFT_VERSION = 4.0;
				TARGETED_DEVICE_FAMILY = "1,2";
			};
			name = Release;
		};
/* End XCBuildConfiguration section */

/* Begin XCConfigurationList section */
		DBD4DB2122486D1700655200 /* Build configuration list for PBXProject "googlemap" */ = {
			isa = XCConfigurationList;
			buildConfigurations = (
				DBD4DB3622486D1900655200 /* Debug */,
				DBD4DB3722486D1900655200 /* Release */,
			);
			defaultConfigurationIsVisible = 0;
			defaultConfigurationName = Release;
		};
		DBD4DB3822486D1900655200 /* Build configuration list for PBXNativeTarget "googlemap" */ = {
			isa = XCConfigurationList;
			buildConfigurations = (
				DBD4DB3922486D1900655200 /* Debug */,
				DBD4DB3A22486D1900655200 /* Release */,
			);
			defaultConfigurationIsVisible = 0;
			defaultConfigurationName = Release;
		};
/* End XCConfigurationList section */
	};
	rootObject = DBD4DB1E22486D1700655200 /* Project object */;
}
